{
  "name": "svg2poly",
  "version": "1.0.0",
  "lockfileVersion": 1,
  "requires": true,
  "dependencies": {
    "abs-svg-path": {
      "version": "0.1.1",
      "resolved": "https://registry.npmjs.org/abs-svg-path/-/abs-svg-path-0.1.1.tgz",
      "integrity": "sha1-32Acjo0roQ1KdtYl4japo5wnI78="
    },
    "adaptive-bezier-curve": {
      "version": "1.0.3",
      "resolved": "https://registry.npmjs.org/adaptive-bezier-curve/-/adaptive-bezier-curve-1.0.3.tgz",
      "integrity": "sha1-R3V3q+h9coDUbKQWSfbCJkb+gic="
    },
    "big-rat": {
      "version": "1.0.4",
      "resolved": "https://registry.npmjs.org/big-rat/-/big-rat-1.0.4.tgz",
      "integrity": "sha1-do0JO7V5MN0Y7Vdcf8on3FORreo=",
      "requires": {
        "bit-twiddle": "^1.0.2",
        "bn.js": "^4.11.6",
        "double-bits": "^1.1.1"
      }
    },
    "binary-search-bounds": {
      "version": "2.0.4",
      "resolved": "https://registry.npmjs.org/binary-search-bounds/-/binary-search-bounds-2.0.4.tgz",
      "integrity": "sha512-2hg5kgdKql5ClF2ErBcSx0U5bnl5hgS4v7wMnLFodyR47yMtj2w+UAZB+0CiqyHct2q543i7Bi4/aMIegorCCg=="
    },
    "bit-twiddle": {
      "version": "1.0.2",
      "resolved": "https://registry.npmjs.org/bit-twiddle/-/bit-twiddle-1.0.2.tgz",
      "integrity": "sha1-DGwfq+KyPRcXPZpht7cJPrnhdp4="
    },
    "bn.js": {
      "version": "4.11.8",
      "resolved": "https://registry.npmjs.org/bn.js/-/bn.js-4.11.8.tgz",
      "integrity": "sha512-ItfYfPLkWHUjckQCk8xC+LwxgK8NYcXywGigJgSwOP8Y2iyWT4f2vsZnoOXTTbo+o5yXmIUJ4gn5538SO5S3gA=="
    },
    "bound-points": {
      "version": "1.0.0",
      "resolved": "https://registry.npmjs.org/bound-points/-/bound-points-1.0.0.tgz",
      "integrity": "sha1-fhY5uFMYRRlLfKCYIGmADvR0Mqc="
    },
    "box-intersect": {
      "version": "1.0.2",
      "resolved": "https://registry.npmjs.org/box-intersect/-/box-intersect-1.0.2.tgz",
      "integrity": "sha512-yJeMwlmFPG1gIa7Rs/cGXeI6iOj6Qz5MG5PE61xLKpElUGzmJ4abm+qsLpzxKJFpsSDq742BQEocr8dI2t8Nxw==",
      "requires": {
        "bit-twiddle": "^1.0.2",
        "typedarray-pool": "^1.1.0"
      }
    },
    "cdt2d": {
      "version": "1.0.0",
      "resolved": "https://registry.npmjs.org/cdt2d/-/cdt2d-1.0.0.tgz",
      "integrity": "sha1-TyEkNLzWe9s9aLj+9KzcLFRBUUE=",
      "requires": {
        "binary-search-bounds": "^2.0.3",
        "robust-in-sphere": "^1.1.3",
        "robust-orientation": "^1.1.3"
      }
    },
    "clean-pslg": {
      "version": "1.1.2",
      "resolved": "https://registry.npmjs.org/clean-pslg/-/clean-pslg-1.1.2.tgz",
      "integrity": "sha1-vTXHRgt+irWp92Gl7VF5aqPIbBE=",
      "requires": {
        "big-rat": "^1.0.3",
        "box-intersect": "^1.0.1",
        "nextafter": "^1.0.0",
        "rat-vec": "^1.1.1",
        "robust-segment-intersect": "^1.0.1",
        "union-find": "^1.0.2",
        "uniq": "^1.0.1"
      }
    },
    "define-properties": {
      "version": "1.1.3",
      "resolved": "https://registry.npmjs.org/define-properties/-/define-properties-1.1.3.tgz",
      "integrity": "sha512-3MqfYKj2lLzdMSf8ZIZE/V+Zuy+BgD6f164e8K2w7dgnpKArBDerGYpM46IYYcjnkdPNMjPk9A6VFB8+3SKlXQ==",
      "requires": {
        "object-keys": "^1.0.12"
      }
    },
    "double-bits": {
      "version": "1.1.1",
      "resolved": "https://registry.npmjs.org/double-bits/-/double-bits-1.1.1.tgz",
      "integrity": "sha1-WKu6RUlNpND6Nrc60RoobJGEscY="
    },
    "dup": {
      "version": "1.0.0",
      "resolved": "https://registry.npmjs.org/dup/-/dup-1.0.0.tgz",
      "integrity": "sha1-UfxaxoX4GWRp3wuQXpNLIK9bQCk="
    },
    "es-abstract": {
      "version": "1.16.3",
      "resolved": "https://registry.npmjs.org/es-abstract/-/es-abstract-1.16.3.tgz",
      "integrity": "sha512-WtY7Fx5LiOnSYgF5eg/1T+GONaGmpvpPdCpSnYij+U2gDTL0UPfWrhDw7b2IYb+9NQJsYpCA0wOQvZfsd6YwRw==",
      "requires": {
        "es-to-primitive": "^1.2.1",
        "function-bind": "^1.1.1",
        "has": "^1.0.3",
        "has-symbols": "^1.0.1",
        "is-callable": "^1.1.4",
        "is-regex": "^1.0.4",
        "object-inspect": "^1.7.0",
        "object-keys": "^1.1.1",
        "string.prototype.trimleft": "^2.1.0",
        "string.prototype.trimright": "^2.1.0"
      }
    },
    "es-to-primitive": {
      "version": "1.2.1",
      "resolved": "https://registry.npmjs.org/es-to-primitive/-/es-to-primitive-1.2.1.tgz",
      "integrity": "sha512-QCOllgZJtaUo9miYBcLChTUaHNjJF3PYs1VidD7AwiEj1kYxKeQTctLAezAOH5ZKRH0g2IgPn6KwB4IT8iRpvA==",
      "requires": {
        "is-callable": "^1.1.4",
        "is-date-object": "^1.0.1",
        "is-symbol": "^1.0.2"
      }
    },
    "function-bind": {
      "version": "1.1.1",
      "resolved": "https://registry.npmjs.org/function-bind/-/function-bind-1.1.1.tgz",
      "integrity": "sha512-yIovAzMX49sF8Yl58fSCWJ5svSLuaibPxXQJFLmBObTuCr0Mf1KiPopGM9NiFjiYBCbfaa2Fh6breQ6ANVTI0A=="
    },
    "has": {
      "version": "1.0.3",
      "resolved": "https://registry.npmjs.org/has/-/has-1.0.3.tgz",
      "integrity": "sha512-f2dvO0VU6Oej7RkWJGrehjbzMAjFp5/VKPp5tTpWIV4JHHZK1/BxbFRtf/siA2SWTe09caDmVtYYzWEIbBS4zw==",
      "requires": {
        "function-bind": "^1.1.1"
      }
    },
    "has-symbols": {
      "version": "1.0.1",
      "resolved": "https://registry.npmjs.org/has-symbols/-/has-symbols-1.0.1.tgz",
      "integrity": "sha512-PLcsoqu++dmEIZB+6totNFKq/7Do+Z0u4oT0zKOJNl3lYK6vGwwu2hjHs+68OEZbTjiUE9bgOABXbP/GvrS0Kg=="
    },
    "hex-rgb": {
      "version": "4.1.0",
      "resolved": "https://registry.npmjs.org/hex-rgb/-/hex-rgb-4.1.0.tgz",
      "integrity": "sha512-n7xsIfyBkFChITGPh6FLtxNzAt2HxZLcQIY9hYH4gm2gmMQJHMguMH3E+jnmvUbSTF5QrmFnGab5Ippi+D7e/g=="
    },
    "hexrgb": {
      "version": "0.0.2",
      "resolved": "https://registry.npmjs.org/hexrgb/-/hexrgb-0.0.2.tgz",
      "integrity": "sha1-zP3O+lMgjHjm88CrGyDq7H7x3T4="
    },
    "is-callable": {
      "version": "1.1.4",
      "resolved": "https://registry.npmjs.org/is-callable/-/is-callable-1.1.4.tgz",
      "integrity": "sha512-r5p9sxJjYnArLjObpjA4xu5EKI3CuKHkJXMhT7kwbpUyIFD1n5PMAsoPvWnvtZiNz7LjkYDRZhd7FlI0eMijEA=="
    },
    "is-date-object": {
      "version": "1.0.1",
      "resolved": "https://registry.npmjs.org/is-date-object/-/is-date-object-1.0.1.tgz",
      "integrity": "sha1-mqIOtq7rv/d/vTPnTKAbM1gdOhY="
    },
    "is-regex": {
      "version": "1.0.4",
      "resolved": "https://registry.npmjs.org/is-regex/-/is-regex-1.0.4.tgz",
      "integrity": "sha1-VRdIm1RwkbCTDglWVM7SXul+lJE=",
      "requires": {
        "has": "^1.0.1"
      }
    },
    "is-symbol": {
      "version": "1.0.3",
      "resolved": "https://registry.npmjs.org/is-symbol/-/is-symbol-1.0.3.tgz",
      "integrity": "sha512-OwijhaRSgqvhm/0ZdAcXNZt9lYdKFpcRDT5ULUuYXPoT794UNOdU+gpT6Rzo7b4V2HUl/op6GqY894AZwv9faQ==",
      "requires": {
        "has-symbols": "^1.0.1"
      }
    },
    "nextafter": {
      "version": "1.0.0",
      "resolved": "https://registry.npmjs.org/nextafter/-/nextafter-1.0.0.tgz",
      "integrity": "sha1-t9d7U1MQ4+CX5gJauwqQNHfsGjo=",
      "requires": {
        "double-bits": "^1.1.0"
      }
    },
    "normalize-path-scale": {
      "version": "2.0.0",
      "resolved": "https://registry.npmjs.org/normalize-path-scale/-/normalize-path-scale-2.0.0.tgz",
      "integrity": "sha1-2LHMVcAI8XrCijb/N1O3JXvwu7M=",
      "requires": {
        "bound-points": "^1.0.0",
        "unlerp": "^1.0.1"
      }
    },
    "normalize-svg-path": {
      "version": "0.1.0",
      "resolved": "https://registry.npmjs.org/normalize-svg-path/-/normalize-svg-path-0.1.0.tgz",
      "integrity": "sha1-RWNg5g7Odfvve11+FgSA5//Rb+U="
    },
    "object-assign": {
      "version": "4.1.1",
      "resolved": "https://registry.npmjs.org/object-assign/-/object-assign-4.1.1.tgz",
      "integrity": "sha1-IQmtx5ZYh8/AXLvUQsrIv7s2CGM="
    },
    "object-inspect": {
      "version": "1.7.0",
      "resolved": "https://registry.npmjs.org/object-inspect/-/object-inspect-1.7.0.tgz",
      "integrity": "sha512-a7pEHdh1xKIAgTySUGgLMx/xwDZskN1Ud6egYYN3EdRW4ZMPNEDUTF+hwy2LUC+Bl+SyLXANnwz/jyh/qutKUw=="
    },
    "object-keys": {
      "version": "1.1.1",
      "resolved": "https://registry.npmjs.org/object-keys/-/object-keys-1.1.1.tgz",
      "integrity": "sha512-NuAESUOUMrlIXOfHKzD6bpPu3tYt3xvjNdRIQ+FeT0lNb4K8WR70CaDxhuNguS2XG+GjkyMwOzsN5ZktImfhLA=="
    },
    "object.getownpropertydescriptors": {
      "version": "2.0.3",
      "resolved": "https://registry.npmjs.org/object.getownpropertydescriptors/-/object.getownpropertydescriptors-2.0.3.tgz",
      "integrity": "sha1-h1jIRvW0B62rDyNuCYbxSwUcqhY=",
      "requires": {
        "define-properties": "^1.1.2",
        "es-abstract": "^1.5.1"
      }
    },
    "parse-svg-path": {
      "version": "0.1.2",
      "resolved": "https://registry.npmjs.org/parse-svg-path/-/parse-svg-path-0.1.2.tgz",
      "integrity": "sha1-en7A0esG+lMlx9PgCbhZoJtdSes="
    },
    "rat-vec": {
      "version": "1.1.1",
      "resolved": "https://registry.npmjs.org/rat-vec/-/rat-vec-1.1.1.tgz",
      "integrity": "sha1-Dd4rZrezS7G80qI4BerIBth/0X8=",
      "requires": {
        "big-rat": "^1.0.3"
      }
    },
    "robust-in-sphere": {
      "version": "1.1.3",
      "resolved": "https://registry.npmjs.org/robust-in-sphere/-/robust-in-sphere-1.1.3.tgz",
      "integrity": "sha1-HFiD0WpOkjkpR27zSBmFe/Kpz3U=",
      "requires": {
        "robust-scale": "^1.0.0",
        "robust-subtract": "^1.0.0",
        "robust-sum": "^1.0.0",
        "two-product": "^1.0.0"
      }
    },
    "robust-orientation": {
      "version": "1.1.3",
      "resolved": "https://registry.npmjs.org/robust-orientation/-/robust-orientation-1.1.3.tgz",
      "integrity": "sha1-2v9bANO+TmByLw6cAVbvln8cIEk=",
      "requires": {
        "robust-scale": "^1.0.2",
        "robust-subtract": "^1.0.0",
        "robust-sum": "^1.0.0",
        "two-product": "^1.0.2"
      }
    },
    "robust-scale": {
      "version": "1.0.2",
      "resolved": "https://registry.npmjs.org/robust-scale/-/robust-scale-1.0.2.tgz",
      "integrity": "sha1-d1Ey7QlULQKOWLLMecBikLz3jDI=",
      "requires": {
        "two-product": "^1.0.2",
        "two-sum": "^1.0.0"
      }
    },
    "robust-segment-intersect": {
      "version": "1.0.1",
      "resolved": "https://registry.npmjs.org/robust-segment-intersect/-/robust-segment-intersect-1.0.1.tgz",
      "integrity": "sha1-MlK2oPwboUreaRXMvgnLzpqrHBw=",
      "requires": {
        "robust-orientation": "^1.1.3"
      }
    },
    "robust-subtract": {
      "version": "1.0.0",
      "resolved": "https://registry.npmjs.org/robust-subtract/-/robust-subtract-1.0.0.tgz",
      "integrity": "sha1-4LFk4e2LpOOl3aRaEgODSNvtPpo="
    },
    "robust-sum": {
      "version": "1.0.0",
      "resolved": "https://registry.npmjs.org/robust-sum/-/robust-sum-1.0.0.tgz",
      "integrity": "sha1-FmRuUlKStNJdgnV6KGlV4Lv6U9k="
    },
    "sax": {
      "version": "1.2.4",
      "resolved": "https://registry.npmjs.org/sax/-/sax-1.2.4.tgz",
      "integrity": "sha512-NqVDv9TpANUjFm0N8uM5GxL36UgKi9/atZw+x7YFnQ8ckwFGKrl4xX4yWtrey3UJm5nP1kUbnYgLopqWNSRhWw=="
    },
    "simplify-path": {
      "version": "1.1.0",
      "resolved": "https://registry.npmjs.org/simplify-path/-/simplify-path-1.1.0.tgz",
      "integrity": "sha1-eRs50lJwsK/ANd51e6gm5vF2YQM="
    },
    "string.prototype.trimleft": {
      "version": "2.1.0",
      "resolved": "https://registry.npmjs.org/string.prototype.trimleft/-/string.prototype.trimleft-2.1.0.tgz",
      "integrity": "sha512-FJ6b7EgdKxxbDxc79cOlok6Afd++TTs5szo+zJTUyow3ycrRfJVE2pq3vcN53XexvKZu/DJMDfeI/qMiZTrjTw==",
      "requires": {
        "define-properties": "^1.1.3",
        "function-bind": "^1.1.1"
      }
    },
    "string.prototype.trimright": {
      "version": "2.1.0",
      "resolved": "https://registry.npmjs.org/string.prototype.trimright/-/string.prototype.trimright-2.1.0.tgz",
      "integrity": "sha512-fXZTSV55dNBwv16uw+hh5jkghxSnc5oHq+5K/gXgizHwAvMetdAJlHqqoFC1FSDVPYWLkAKl2cxpUT41sV7nSg==",
      "requires": {
        "define-properties": "^1.1.3",
        "function-bind": "^1.1.1"
      }
    },
    "svg-path-contours": {
      "version": "2.0.0",
      "resolved": "https://registry.npmjs.org/svg-path-contours/-/svg-path-contours-2.0.0.tgz",
      "integrity": "sha1-x2oSlCnbBette2Hk0cWNEUqJOKI=",
      "requires": {
        "abs-svg-path": "^0.1.1",
        "adaptive-bezier-curve": "^1.0.3",
        "normalize-svg-path": "^0.1.0",
        "vec2-copy": "^1.0.0"
      }
    },
    "two-product": {
      "version": "1.0.2",
      "resolved": "https://registry.npmjs.org/two-product/-/two-product-1.0.2.tgz",
      "integrity": "sha1-Z9ldSyV6kh4stL16+VEfkIhSLqo="
    },
    "two-sum": {
      "version": "1.0.0",
      "resolved": "https://registry.npmjs.org/two-sum/-/two-sum-1.0.0.tgz",
      "integrity": "sha1-MdPzIjnk9zHsqd+RVeKyl/AIq2Q="
    },
    "typedarray-pool": {
      "version": "1.1.0",
      "resolved": "https://registry.npmjs.org/typedarray-pool/-/typedarray-pool-1.1.0.tgz",
      "integrity": "sha1-0RT0hIAUifU+yrXoCIqiMET0mNk=",
      "requires": {
        "bit-twiddle": "^1.0.0",
        "dup": "^1.0.0"
      }
    },
    "union-find": {
      "version": "1.0.2",
      "resolved": "https://registry.npmjs.org/union-find/-/union-find-1.0.2.tgz",
      "integrity": "sha1-KSusQV5q06iVNdI3AQ20pTYoTlg="
    },
    "uniq": {
      "version": "1.0.1",
      "resolved": "https://registry.npmjs.org/uniq/-/uniq-1.0.1.tgz",
      "integrity": "sha1-sxxa6CVIRKOoKBVBzisEuGWnNP8="
    },
    "unlerp": {
      "version": "1.0.1",
      "resolved": "https://registry.npmjs.org/unlerp/-/unlerp-1.0.1.tgz",
      "integrity": "sha1-4oNR47C3f1Y5gCeu+LLk8UvTdvo="
    },
    "util.promisify": {
      "version": "1.0.0",
      "resolved": "https://registry.npmjs.org/util.promisify/-/util.promisify-1.0.0.tgz",
      "integrity": "sha512-i+6qA2MPhvoKLuxnJNpXAGhg7HphQOSUq2LKMZD0m15EiskXUkMvKdF4Uui0WYeCUGea+o2cw/ZuwehtfsrNkA==",
      "requires": {
        "define-properties": "^1.1.2",
        "object.getownpropertydescriptors": "^2.0.3"
      }
    },
    "vec2-copy": {
      "version": "1.0.0",
      "resolved": "https://registry.npmjs.org/vec2-copy/-/vec2-copy-1.0.0.tgz",
      "integrity": "sha1-xu7B2NrVRiUZTl9x+EM7YtLyCno="
    },
    "xml2js": {
      "version": "0.4.22",
      "resolved": "https://registry.npmjs.org/xml2js/-/xml2js-0.4.22.tgz",
      "integrity": "sha512-MWTbxAQqclRSTnehWWe5nMKzI3VmJ8ltiJEco8akcC6j3miOhjjfzKum5sId+CWhfxdOs/1xauYr8/ZDBtQiRw==",
      "requires": {
        "sax": ">=0.6.0",
        "util.promisify": "~1.0.0",
        "xmlbuilder": "~11.0.0"
      }
    },
    "xmlbuilder": {
      "version": "11.0.1",
      "resolved": "https://registry.npmjs.org/xmlbuilder/-/xmlbuilder-11.0.1.tgz",
      "integrity": "sha512-fDlsI/kFEx7gLvbecc0/ohLG50fugQp8ryHzMTuW9vSa1GJ0XYWKnhsUx7oie3G98+r56aTQIUB4kht42R3JvA=="
    }
  }
}
